// !$*UTF8*$!
{
	archiveVersion = 1;
	classes = {
	};
	objectVersion = 46;
	objects = {

/* Begin PBXBuildFile section */
		2E5345781CB49BC900426060 /* AppDelegate.swift in Sources */ = {isa = PBXBuildFile; fileRef = 2E5345771CB49BC900426060 /* AppDelegate.swift */; };
		2E53457A1CB49BC900426060 /* ViewController.swift in Sources */ = {isa = PBXBuildFile; fileRef = 2E5345791CB49BC900426060 /* ViewController.swift */; };
		2E53457D1CB49BC900426060 /* Main.storyboard in Resources */ = {isa = PBXBuildFile; fileRef = 2E53457B1CB49BC900426060 /* Main.storyboard */; };
		2E53457F1CB49BC900426060 /* Assets.xcassets in Resources */ = {isa = PBXBuildFile; fileRef = 2E53457E1CB49BC900426060 /* Assets.xcassets */; };
		2E5345821CB49BC900426060 /* LaunchScreen.storyboard in Resources */ = {isa = PBXBuildFile; fileRef = 2E5345801CB49BC900426060 /* LaunchScreen.storyboard */; };
		2E53458C1CB4A00A00426060 /* PersonViewModel.swift in Sources */ = {isa = PBXBuildFile; fileRef = 2E53458B1CB4A00A00426060 /* PersonViewModel.swift */; };
		2E53458E1CB4A4EA00426060 /* Person.swift in Sources */ = {isa = PBXBuildFile; fileRef = 2E53458D1CB4A4EA00426060 /* Person.swift */; };
/* End PBXBuildFile section */

/* Begin PBXFileReference section */
		2E5345741CB49BC900426060 /* MVVMDemo.app */ = {isa = PBXFileReference; explicitFileType = wrapper.application; includeInIndex = 0; path = MVVMDemo.app; sourceTree = BUILT_PRODUCTS_DIR; };
		2E5345771CB49BC900426060 /* AppDelegate.swift */ = {isa = PBXFileReference; lastKnownFileType = sourcecode.swift; path = AppDelegate.swift; sourceTree = "<group>"; };
		2E5345791CB49BC900426060 /* ViewController.swift */ = {isa = PBXFileReference; lastKnownFileType = sourcecode.swift; path = ViewController.swift; sourceTree = "<group>"; };
		2E53457C1CB49BC900426060 /* Base */ = {isa = PBXFileReference; lastKnownFileType = file.storyboard; name = Base; path = Base.lproj/Main.storyboard; sourceTree = "<group>"; };
		2E53457E1CB49BC900426060 /* Assets.xcassets */ = {isa = PBXFileReference; lastKnownFileType = folder.assetcatalog; path = Assets.xcassets; sourceTree = "<group>"; };
		2E5345811CB49BC900426060 /* Base */ = {isa = PBXFileReference; lastKnownFileType = file.storyboard; name = Base; path = Base.lproj/LaunchScreen.storyboard; sourceTree = "<group>"; };
		2E5345831CB49BC900426060 /* Info.plist */ = {isa = PBXFileReference; lastKnownFileType = text.plist.xml; path = Info.plist; sourceTree = "<group>"; };
		2E53458B1CB4A00A00426060 /* PersonViewModel.swift */ = {isa = PBXFileReference; fileEncoding = 4; lastKnownFileType = sourcecode.swift; path = PersonViewModel.swift; sourceTree = "<group>"; };
		2E53458D1CB4A4EA00426060 /* Person.swift */ = {isa = PBXFileReference; fileEncoding = 4; lastKnownFileType = sourcecode.swift; path = Person.swift; sourceTree = "<group>"; };
/* End PBXFileReference section */

/* Begin PBXFrameworksBuildPhase section */
		2E5345711CB49BC900426060 /* Frameworks */ = {
			isa = PBXFrameworksBuildPhase;
			buildActionMask = 2147483647;
			files = (
			);
			runOnlyForDeploymentPostprocessing = 0;
		};
/* End PBXFrameworksBuildPhase section */

/* Begin PBXGroup section */
		2E53456B1CB49BC900426060 = {
			isa = PBXGroup;
			children = (
				2E5345761CB49BC900426060 /* MVVMDemo */,
				2E5345751CB49BC900426060 /* Products */,
			);
			sourceTree = "<group>";
		};
		2E5345751CB49BC900426060 /* Products */ = {
			isa = PBXGroup;
			children = (
				2E5345741CB49BC900426060 /* MVVMDemo.app */,
			);
			name = Products;
			sourceTree = "<group>";
		};
		2E5345761CB49BC900426060 /* MVVMDemo */ = {
			isa = PBXGroup;
			children = (
				2E5345771CB49BC900426060 /* AppDelegate.swift */,
				2E5345791CB49BC900426060 /* ViewController.swift */,
				2E53457B1CB49BC900426060 /* Main.storyboard */,
				2E53458B1CB4A00A00426060 /* PersonViewModel.swift */,
				2E53458D1CB4A4EA00426060 /* Person.swift */,
				2E53457E1CB49BC900426060 /* Assets.xcassets */,
				2E5345801CB49BC900426060 /* LaunchScreen.storyboard */,
				2E5345831CB49BC900426060 /* Info.plist */,
			);
			path = MVVMDemo;
			sourceTree = "<group>";
		};
/* End PBXGroup section */

/* Begin PBXNativeTarget section */
		2E5345731CB49BC900426060 /* MVVMDemo */ = {
			isa = PBXNativeTarget;
			buildConfigurationList = 2E5345861CB49BC900426060 /* Build configuration list for PBXNativeTarget "MVVMDemo" */;
			buildPhases = (
				2E5345701CB49BC900426060 /* Sources */,
				2E5345711CB49BC900426060 /* Frameworks */,
				2E5345721CB49BC900426060 /* Resources */,
			);
			buildRules = (
			);
			dependencies = (
			);
			name = MVVMDemo;
			productName = MVVMDemo;
			productReference = 2E5345741CB49BC900426060 /* MVVMDemo.app */;
			productType = "com.apple.product-type.application";
		};
/* End PBXNativeTarget section */

/* Begin PBXProject section */
		2E53456C1CB49BC900426060 /* Project object */ = {
			isa = PBXProject;
			attributes = {
				LastSwiftUpdateCheck = 0730;
				LastUpgradeCheck = 0730;
				ORGANIZATIONNAME = ying;
				TargetAttributes = {
					2E5345731CB49BC900426060 = {
						CreatedOnToolsVersion = 7.3;
					};
				};
			};
			buildConfigurationList = 2E53456F1CB49BC900426060 /* Build configuration list for PBXProject "MVVMDemo" */;
			compatibilityVersion = "Xcode 3.2";
			developmentRegion = English;
			hasScannedForEncodings = 0;
			knownRegions = (
				en,
				Base,
			);
			mainGroup = 2E53456B1CB49BC900426060;
			productRefGroup = 2E5345751CB49BC900426060 /* Products */;
			projectDirPath = "";
			projectRoot = "";
			targets = (
				2E5345731CB49BC900426060 /* MVVMDemo */,
			);
		};
/* End PBXProject section */

/* Begin PBXResourcesBuildPhase section */
		2E5345721CB49BC900426060 /* Resources */ = {
			isa = PBXResourcesBuildPhase;
			buildActionMask = 2147483647;
			files = (
				2E5345821CB49BC900426060 /* LaunchScreen.storyboard in Resources */,
				2E53457F1CB49BC900426060 /* Assets.xcassets in Resources */,
				2E53457D1CB49BC900426060 /* Main.storyboard in Resources */,
			);
			runOnlyForDeploymentPostprocessing = 0;
		};
/* End PBXResourcesBuildPhase section */

/* Begin PBXSourcesBuildPhase section */
		2E5345701CB49BC900426060 /* Sources */ = {
			isa = PBXSourcesBuildPhase;
			buildActionMask = 2147483647;
			files = (
				2E53457A1CB49BC900426060 /* ViewController.swift in Sources */,
				2E5345781CB49BC900426060 /* AppDelegate.swift in Sources */,
				2E53458E1CB4A4EA00426060 /* Person.swift in Sources */,
				2E53458C1CB4A00A00426060 /* PersonViewModel.swift in Sources */,
			);
			runOnlyForDeploymentPostprocessing = 0;
		};
/* End PBXSourcesBuildPhase section */

/* Begin PBXVariantGroup section */
		2E53457B1CB49BC900426060 /* Main.storyboard */ = {
			isa = PBXVariantGroup;
			children = (
				2E53457C1CB49BC900426060 /* Base */,
			);
			name = Main.storyboard;
			sourceTree = "<group>";
		};
		2E5345801CB49BC900426060 /* LaunchScreen.storyboard */ = {
			isa = PBXVariantGroup;
			children = (
				2E5345811CB49BC900426060 /* Base */,
			);
			name = LaunchScreen.storyboard;
			sourceTree = "<group>";
		};
/* End PBXVariantGroup section */

/* Begin XCBuildConfiguration section */
		2E5345841CB49BC900426060 /* Debug */ = {
			isa = XCBuildConfiguration;
			buildSettings = {
				ALWAYS_SEARCH_USER_PATHS = NO;
				CLANG_ANALYZER_NONNULL = YES;
				CLANG_CXX_LANGUAGE_STANDARD = "gnu++0x";
				CLANG_CXX_LIBRARY = "libc++";
				CLANG_ENABLE_MODULES = YES;
				CLANG_ENABLE_OBJC_ARC = YES;
				CLANG_WARN_BOOL_CONVERSION = YES;
				CLANG_WARN_CONSTANT_CONVERSION = YES;
				CLANG_WARN_DIRECT_OBJC_ISA_USAGE = YES_ERROR;
				CLANG_WARN_EMPTY_BODY = YES;
				CLANG_WARN_ENUM_CONVERSION = YES;
				CLANG_WARN_INT_CONVERSION = YES;
				CLANG_WARN_OBJC_ROOT_CLASS = YES_ERROR;
				CLANG_WARN_UNREACHABLE_CODE = YES;
				CLANG_WARN__DUPLICATE_METHOD_MATCH = YES;
				"CODE_SIGN_IDENTITY[sdk=iphoneos*]" = "iPhone Developer";
				COPY_PHASE_STRIP = NO;
				DEBUG_INFORMATION_FORMAT = dwarf;
				ENABLE_STRICT_OBJC_MSGSEND = YES;
				ENABLE_TESTABILITY = YES;
				GCC_C_LANGUAGE_STANDARD = gnu99;
				GCC_DYNAMIC_NO_PIC = NO;
				GCC_NO_COMMON_BLOCKS = YES;
				GCC_OPTIMIZATION_LEVEL = 0;
				GCC_PREPROCESSOR_DEFINITIONS = (
					"DEBUG=1",
					"$(inherited)",
				);
				GCC_WARN_64_TO_32_BIT_CONVERSION = YES;
				GCC_WARN_ABOUT_RETURN_TYPE = YES_ERROR;
				GCC_WARN_UNDECLARED_SELECTOR = YES;
				GCC_WARN_UNINITIALIZED_AUTOS = YES_AGGRESSIVE;
				GCC_WARN_UNUSED_FUNCTION = YES;
				GCC_WARN_UNUSED_VARIABLE = YES;
				IPHONEOS_DEPLOYMENT_TARGET = 9.3;
				MTL_ENABLE_DEBUG_INFO = YES;
				ONLY_ACTIVE_ARCH = YES;
				SDKROOT = iphoneos;
				SWIFT_OPTIMIZATION_LEVEL = "-Onone";
				TARGETED_DEVICE_FAMILY = "1,2";
			};
			name = Debug;
		};
		2E5345851CB49BC900426060 /* Release */ = {
			isa = XCBuildConfiguration;
			buildSettings = {
				ALWAYS_SEARCH_USER_PATHS = NO;
				CLANG_ANALYZER_NONNULL = YES;
				CLANG_CXX_LANGUAGE_STANDARD = "gnu++0x";
				CLANG_CXX_LIBRARY = "libc++";
				CLANG_ENABLE_MODULES = YES;
				CLANG_ENABLE_OBJC_ARC = YES;
				CLANG_WARN_BOOL_CONVERSION = YES;
				CLANG_WARN_CONSTANT_CONVERSION = YES;
				CLANG_WARN_DIRECT_OBJC_ISA_USAGE = YES_ERROR;
				CLANG_WARN_EMPTY_BODY = YES;
				CLANG_WARN_ENUM_CONVERSION = YES;
				CLANG_WARN_INT_CONVERSION = YES;
				CLANG_WARN_OBJC_ROOT_CLASS = YES_ERROR;
				CLANG_WARN_UNREACHABLE_CODE = YES;
				CLANG_WARN__DUPLICATE_METHOD_MATCH = YES;
				"CODE_SIGN_IDENTITY[sdk=iphoneos*]" = "iPhone Developer";
				COPY_PHASE_STRIP = NO;
				DEBUG_INFORMATION_FORMAT = "dwarf-with-dsym";
				ENABLE_NS_ASSERTIONS = NO;
				ENABLE_STRICT_OBJC_MSGSEND = YES;
				GCC_C_LANGUAGE_STANDARD = gnu99;
				GCC_NO_COMMON_BLOCKS = YES;
				GCC_WARN_64_TO_32_BIT_CONVERSION = YES;
				GCC_WARN_ABOUT_RETURN_TYPE = YES_ERROR;
				GCC_WARN_UNDECLARED_SELECTOR = YES;
				GCC_WARN_UNINITIALIZED_AUTOS = YES_AGGRESSIVE;
				GCC_WARN_UNUSED_FUNCTION = YES;
				GCC_WARN_UNUSED_VARIABLE = YES;
				IPHONEOS_DEPLOYMENT_TARGET = 9.3;
				MTL_ENABLE_DEBUG_INFO = NO;
				SDKROOT = iphoneos;
				TARGETED_DEVICE_FAMILY = "1,2";
				VALIDATE_PRODUCT = YES;
			};
			name = Release;
		};
		2E5345871CB49BC900426060 /* Debug */ = {
			isa = XCBuildConfiguration;
			buildSettings = {
				ASSETCATALOG_COMPILER_APPICON_NAME = AppIcon;
				INFOPLIST_FILE = MVVMDemo/Info.plist;
				LD_RUNPATH_SEARCH_PATHS = "$(inherited) @executable_path/Frameworks";
				PRODUCT_BUNDLE_IDENTIFIER = ying.seu.com.MVVMDemo;
				PRODUCT_NAME = "$(TARGET_NAME)";
			};
			name = Debug;
		};
		2E5345881CB49BC900426060 /* Release */ = {
			isa = XCBuildConfiguration;
			buildSettings = {
				ASSETCATALOG_COMPILER_APPICON_NAME = AppIcon;
				INFOPLIST_FILE = MVVMDemo/Info.plist;
				LD_RUNPATH_SEARCH_PATHS = "$(inherited) @executable_path/Frameworks";
				PRODUCT_BUNDLE_IDENTIFIER = ying.seu.com.MVVMDemo;
				PRODUCT_NAME = "$(TARGET_NAME)";
			};
			name = Release;
		};
/* End XCBuildConfiguration section */

/* Begin XCConfigurationList section */
		2E53456F1CB49BC900426060 /* Build configuration list for PBXProject "MVVMDemo" */ = {
			isa = XCConfigurationList;
			buildConfigurations = (
				2E5345841CB49BC900426060 /* Debug */,
				2E5345851CB49BC900426060 /* Release */,
			);
			defaultConfigurationIsVisible = 0;
			defaultConfigurationName = Release;
		};
		2E5345861CB49BC900426060 /* Build configuration list for PBXNativeTarget "MVVMDemo" */ = {
			isa = XCConfigurationList;
			buildConfigurations = (
				2E5345871CB49BC900426060 /* Debug */,
				2E5345881CB49BC900426060 /* Release */,
			);
			defaultConfigurationIsVisible = 0;
		};
/* End XCConfigurationList section */
	};
	rootObject = 2E53456C1CB49BC900426060 /* Project object */;
}
